
Microsoft Visual Studio Solution File, Format Version 12.00
# Visual Studio Version 17
VisualStudioVersion = 17.3.32929.385
MinimumVisualStudioVersion = 10.0.40219.1
Project("{FAE04EC0-301F-11D3-BF4B-00C04F79EFBC}") = "footballbackend", "footballbackend\footballbackend.csproj", "{7E9F7168-BC4E-4B30-AAD8-14C5C36F277F}"
EndProject
Global
	GlobalSection(SolutionConfigurationPlatforms) = preSolution
		Debug|Any CPU = Debug|Any CPU
		Release|Any CPU = Release|Any CPU
	EndGlobalSection
	GlobalSection(ProjectConfigurationPlatforms) = postSolution
		{7E9F7168-BC4E-4B30-AAD8-14C5C36F277F}.Debug|Any CPU.ActiveCfg = Debug|Any CPU
		{7E9F7168-BC4E-4B30-AAD8-14C5C36F277F}.Debug|Any CPU.Build.0 = Debug|Any CPU
		{7E9F7168-BC4E-4B30-AAD8-14C5C36F277F}.Release|Any CPU.ActiveCfg = Release|Any CPU
		{7E9F7168-BC4E-4B30-AAD8-14C5C36F277F}.Release|Any CPU.Build.0 = Release|Any CPU
	EndGlobalSection
	GlobalSection(SolutionProperties) = preSolution
		HideSolutionNode = FALSE
	EndGlobalSection
	GlobalSection(ExtensibilityGlobals) = postSolution
		SolutionGuid = {361DB717-31F7-40BA-A3BE-967AD6092F8F}
	EndGlobalSection
EndGlobal
